// !$*UTF8*$!
{
	archiveVersion = 1;
	classes = {
	};
	objectVersion = 56;
	objects = {

/* Begin PBXBuildFile section */
		CB6D06802A024B1B00EFDBDB /* AppDelegate.swift in Sources */ = {isa = PBXBuildFile; fileRef = CB6D067F2A024B1B00EFDBDB /* AppDelegate.swift */; };
		CB6D06822A024B1B00EFDBDB /* SceneDelegate.swift in Sources */ = {isa = PBXBuildFile; fileRef = CB6D06812A024B1B00EFDBDB /* SceneDelegate.swift */; };
		CB6D06842A024B1B00EFDBDB /* ViewController.swift in Sources */ = {isa = PBXBuildFile; fileRef = CB6D06832A024B1B00EFDBDB /* ViewController.swift */; };
		CB6D06872A024B1B00EFDBDB /* Main.storyboard in Resources */ = {isa = PBXBuildFile; fileRef = CB6D06852A024B1B00EFDBDB /* Main.storyboard */; };
		CB6D06892A024B1B00EFDBDB /* Assets.xcassets in Resources */ = {isa = PBXBuildFile; fileRef = CB6D06882A024B1B00EFDBDB /* Assets.xcassets */; };
		CB6D068C2A024B1B00EFDBDB /* LaunchScreen.storyboard in Resources */ = {isa = PBXBuildFile; fileRef = CB6D068A2A024B1B00EFDBDB /* LaunchScreen.storyboard */; };
		CB6D06942A024B7F00EFDBDB /* CalculatorViewController.swift in Sources */ = {isa = PBXBuildFile; fileRef = CB6D06932A024B7F00EFDBDB /* CalculatorViewController.swift */; };
		CB6D069D2A024D8800EFDBDB /* BMIViewController.swift in Sources */ = {isa = PBXBuildFile; fileRef = CB6D069C2A024D8800EFDBDB /* BMIViewController.swift */; };
		CB6D069F2A02508400EFDBDB /* BMRViewController.swift in Sources */ = {isa = PBXBuildFile; fileRef = CB6D069E2A02508400EFDBDB /* BMRViewController.swift */; };
		CB6D06A32A0256DD00EFDBDB /* BFPViewController.swift in Sources */ = {isa = PBXBuildFile; fileRef = CB6D06A22A0256DD00EFDBDB /* BFPViewController.swift */; };
		CBF487D92A0A2DF400D757A4 /* CalViewController.swift in Sources */ = {isa = PBXBuildFile; fileRef = CBF487D82A0A2DF400D757A4 /* CalViewController.swift */; };
/* End PBXBuildFile section */

/* Begin PBXFileReference section */
		CB6D067C2A024B1B00EFDBDB /* FitCalc.app */ = {isa = PBXFileReference; explicitFileType = wrapper.application; includeInIndex = 0; path = FitCalc.app; sourceTree = BUILT_PRODUCTS_DIR; };
		CB6D067F2A024B1B00EFDBDB /* AppDelegate.swift */ = {isa = PBXFileReference; lastKnownFileType = sourcecode.swift; path = AppDelegate.swift; sourceTree = "<group>"; };
		CB6D06812A024B1B00EFDBDB /* SceneDelegate.swift */ = {isa = PBXFileReference; lastKnownFileType = sourcecode.swift; path = SceneDelegate.swift; sourceTree = "<group>"; };
		CB6D06832A024B1B00EFDBDB /* ViewController.swift */ = {isa = PBXFileReference; lastKnownFileType = sourcecode.swift; path = ViewController.swift; sourceTree = "<group>"; };
		CB6D06862A024B1B00EFDBDB /* Base */ = {isa = PBXFileReference; lastKnownFileType = file.storyboard; name = Base; path = Base.lproj/Main.storyboard; sourceTree = "<group>"; };
		CB6D06882A024B1B00EFDBDB /* Assets.xcassets */ = {isa = PBXFileReference; lastKnownFileType = folder.assetcatalog; path = Assets.xcassets; sourceTree = "<group>"; };
		CB6D068B2A024B1B00EFDBDB /* Base */ = {isa = PBXFileReference; lastKnownFileType = file.storyboard; name = Base; path = Base.lproj/LaunchScreen.storyboard; sourceTree = "<group>"; };
		CB6D068D2A024B1B00EFDBDB /* Info.plist */ = {isa = PBXFileReference; lastKnownFileType = text.plist.xml; path = Info.plist; sourceTree = "<group>"; };
		CB6D06932A024B7F00EFDBDB /* CalculatorViewController.swift */ = {isa = PBXFileReference; lastKnownFileType = sourcecode.swift; path = CalculatorViewController.swift; sourceTree = "<group>"; };
		CB6D069C2A024D8800EFDBDB /* BMIViewController.swift */ = {isa = PBXFileReference; lastKnownFileType = sourcecode.swift; name = BMIViewController.swift; path = ../BMIViewController.swift; sourceTree = "<group>"; };
		CB6D069E2A02508400EFDBDB /* BMRViewController.swift */ = {isa = PBXFileReference; lastKnownFileType = sourcecode.swift; name = BMRViewController.swift; path = ../BMRViewController.swift; sourceTree = "<group>"; };
		CB6D06A22A0256DD00EFDBDB /* BFPViewController.swift */ = {isa = PBXFileReference; lastKnownFileType = sourcecode.swift; name = BFPViewController.swift; path = ../BFPViewController.swift; sourceTree = "<group>"; };
		CBF487D82A0A2DF400D757A4 /* CalViewController.swift */ = {isa = PBXFileReference; lastKnownFileType = sourcecode.swift; name = CalViewController.swift; path = ../CalViewController.swift; sourceTree = "<group>"; };
/* End PBXFileReference section */

/* Begin PBXFrameworksBuildPhase section */
		CB6D06792A024B1B00EFDBDB /* Frameworks */ = {
			isa = PBXFrameworksBuildPhase;
			buildActionMask = 2147483647;
			files = (
			);
			runOnlyForDeploymentPostprocessing = 0;
		};
/* End PBXFrameworksBuildPhase section */

/* Begin PBXGroup section */
		CB6D06732A024B1B00EFDBDB = {
			isa = PBXGroup;
			children = (
				CB6D067E2A024B1B00EFDBDB /* FitCalc */,
				CB6D067D2A024B1B00EFDBDB /* Products */,
			);
			sourceTree = "<group>";
		};
		CB6D067D2A024B1B00EFDBDB /* Products */ = {
			isa = PBXGroup;
			children = (
				CB6D067C2A024B1B00EFDBDB /* FitCalc.app */,
			);
			name = Products;
			sourceTree = "<group>";
		};
		CB6D067E2A024B1B00EFDBDB /* FitCalc */ = {
			isa = PBXGroup;
			children = (
				CB6D067F2A024B1B00EFDBDB /* AppDelegate.swift */,
				CB6D06812A024B1B00EFDBDB /* SceneDelegate.swift */,
				CB6D06832A024B1B00EFDBDB /* ViewController.swift */,
				CB6D06932A024B7F00EFDBDB /* CalculatorViewController.swift */,
				CB6D069C2A024D8800EFDBDB /* BMIViewController.swift */,
				CB6D069E2A02508400EFDBDB /* BMRViewController.swift */,
				CB6D06A22A0256DD00EFDBDB /* BFPViewController.swift */,
				CBF487D82A0A2DF400D757A4 /* CalViewController.swift */,
				CB6D06852A024B1B00EFDBDB /* Main.storyboard */,
				CB6D068A2A024B1B00EFDBDB /* LaunchScreen.storyboard */,
				CB6D06882A024B1B00EFDBDB /* Assets.xcassets */,
				CB6D068D2A024B1B00EFDBDB /* Info.plist */,
			);
			path = FitCalc;
			sourceTree = "<group>";
		};
/* End PBXGroup section */

/* Begin PBXNativeTarget section */
		CB6D067B2A024B1B00EFDBDB /* FitCalc */ = {
			isa = PBXNativeTarget;
			buildConfigurationList = CB6D06902A024B1B00EFDBDB /* Build configuration list for PBXNativeTarget "FitCalc" */;
			buildPhases = (
				CB6D06782A024B1B00EFDBDB /* Sources */,
				CB6D06792A024B1B00EFDBDB /* Frameworks */,
				CB6D067A2A024B1B00EFDBDB /* Resources */,
			);
			buildRules = (
			);
			dependencies = (
			);
			name = FitCalc;
			productName = FitCalc;
			productReference = CB6D067C2A024B1B00EFDBDB /* FitCalc.app */;
			productType = "com.apple.product-type.application";
		};
/* End PBXNativeTarget section */

/* Begin PBXProject section */
		CB6D06742A024B1B00EFDBDB /* Project object */ = {
			isa = PBXProject;
			attributes = {
				BuildIndependentTargetsInParallel = 1;
				LastSwiftUpdateCheck = 1430;
				LastUpgradeCheck = 1430;
				TargetAttributes = {
					CB6D067B2A024B1B00EFDBDB = {
						CreatedOnToolsVersion = 14.3;
					};
				};
			};
			buildConfigurationList = CB6D06772A024B1B00EFDBDB /* Build configuration list for PBXProject "FitCalc" */;
			compatibilityVersion = "Xcode 14.0";
			developmentRegion = en;
			hasScannedForEncodings = 0;
			knownRegions = (
				en,
				Base,
			);
			mainGroup = CB6D06732A024B1B00EFDBDB;
			productRefGroup = CB6D067D2A024B1B00EFDBDB /* Products */;
			projectDirPath = "";
			projectRoot = "";
			targets = (
				CB6D067B2A024B1B00EFDBDB /* FitCalc */,
			);
		};
/* End PBXProject section */

/* Begin PBXResourcesBuildPhase section */
		CB6D067A2A024B1B00EFDBDB /* Resources */ = {
			isa = PBXResourcesBuildPhase;
			buildActionMask = 2147483647;
			files = (
				CB6D068C2A024B1B00EFDBDB /* LaunchScreen.storyboard in Resources */,
				CB6D06892A024B1B00EFDBDB /* Assets.xcassets in Resources */,
				CB6D06872A024B1B00EFDBDB /* Main.storyboard in Resources */,
			);
			runOnlyForDeploymentPostprocessing = 0;
		};
/* End PBXResourcesBuildPhase section */

/* Begin PBXSourcesBuildPhase section */
		CB6D06782A024B1B00EFDBDB /* Sources */ = {
			isa = PBXSourcesBuildPhase;
			buildActionMask = 2147483647;
			files = (
				CB6D069F2A02508400EFDBDB /* BMRViewController.swift in Sources */,
				CBF487D92A0A2DF400D757A4 /* CalViewController.swift in Sources */,
				CB6D06842A024B1B00EFDBDB /* ViewController.swift in Sources */,
				CB6D06A32A0256DD00EFDBDB /* BFPViewController.swift in Sources */,
				CB6D06802A024B1B00EFDBDB /* AppDelegate.swift in Sources */,
				CB6D06942A024B7F00EFDBDB /* CalculatorViewController.swift in Sources */,
				CB6D069D2A024D8800EFDBDB /* BMIViewController.swift in Sources */,
				CB6D06822A024B1B00EFDBDB /* SceneDelegate.swift in Sources */,
			);
			runOnlyForDeploymentPostprocessing = 0;
		};
/* End PBXSourcesBuildPhase section */

/* Begin PBXVariantGroup section */
		CB6D06852A024B1B00EFDBDB /* Main.storyboard */ = {
			isa = PBXVariantGroup;
			children = (
				CB6D06862A024B1B00EFDBDB /* Base */,
			);
			name = Main.storyboard;
			sourceTree = "<group>";
		};
		CB6D068A2A024B1B00EFDBDB /* LaunchScreen.storyboard */ = {
			isa = PBXVariantGroup;
			children = (
				CB6D068B2A024B1B00EFDBDB /* Base */,
			);
			name = LaunchScreen.storyboard;
			sourceTree = "<group>";
		};
/* End PBXVariantGroup section */

/* Begin XCBuildConfiguration section */
		CB6D068E2A024B1B00EFDBDB /* Debug */ = {
			isa = XCBuildConfiguration;
			buildSettings = {
				ALWAYS_SEARCH_USER_PATHS = NO;
				CLANG_ANALYZER_NONNULL = YES;
				CLANG_ANALYZER_NUMBER_OBJECT_CONVERSION = YES_AGGRESSIVE;
				CLANG_CXX_LANGUAGE_STANDARD = "gnu++20";
				CLANG_ENABLE_MODULES = YES;
				CLANG_ENABLE_OBJC_ARC = YES;
				CLANG_ENABLE_OBJC_WEAK = YES;
				CLANG_WARN_BLOCK_CAPTURE_AUTORELEASING = YES;
				CLANG_WARN_BOOL_CONVERSION = YES;
				CLANG_WARN_COMMA = YES;
				CLANG_WARN_CONSTANT_CONVERSION = YES;
				CLANG_WARN_DEPRECATED_OBJC_IMPLEMENTATIONS = YES;
				CLANG_WARN_DIRECT_OBJC_ISA_USAGE = YES_ERROR;
				CLANG_WARN_DOCUMENTATION_COMMENTS = YES;
				CLANG_WARN_EMPTY_BODY = YES;
				CLANG_WARN_ENUM_CONVERSION = YES;
				CLANG_WARN_INFINITE_RECURSION = YES;
				CLANG_WARN_INT_CONVERSION = YES;
				CLANG_WARN_NON_LITERAL_NULL_CONVERSION = YES;
				CLANG_WARN_OBJC_IMPLICIT_RETAIN_SELF = YES;
				CLANG_WARN_OBJC_LITERAL_CONVERSION = YES;
				CLANG_WARN_OBJC_ROOT_CLASS = YES_ERROR;
				CLANG_WARN_QUOTED_INCLUDE_IN_FRAMEWORK_HEADER = YES;
				CLANG_WARN_RANGE_LOOP_ANALYSIS = YES;
				CLANG_WARN_STRICT_PROTOTYPES = YES;
				CLANG_WARN_SUSPICIOUS_MOVE = YES;
				CLANG_WARN_UNGUARDED_AVAILABILITY = YES_AGGRESSIVE;
				CLANG_WARN_UNREACHABLE_CODE = YES;
				CLANG_WARN__DUPLICATE_METHOD_MATCH = YES;
				COPY_PHASE_STRIP = NO;
				DEBUG_INFORMATION_FORMAT = dwarf;
				ENABLE_STRICT_OBJC_MSGSEND = YES;
				ENABLE_TESTABILITY = YES;
				GCC_C_LANGUAGE_STANDARD = gnu11;
				GCC_DYNAMIC_NO_PIC = NO;
				GCC_NO_COMMON_BLOCKS = YES;
				GCC_OPTIMIZATION_LEVEL = 0;
				GCC_PREPROCESSOR_DEFINITIONS = (
					"DEBUG=1",
					"$(inherited)",
				);
				GCC_WARN_64_TO_32_BIT_CONVERSION = YES;
				GCC_WARN_ABOUT_RETURN_TYPE = YES_ERROR;
				GCC_WARN_UNDECLARED_SELECTOR = YES;
				GCC_WARN_UNINITIALIZED_AUTOS = YES_AGGRESSIVE;
				GCC_WARN_UNUSED_FUNCTION = YES;
				GCC_WARN_UNUSED_VARIABLE = YES;
				IPHONEOS_DEPLOYMENT_TARGET = 16.4;
				MTL_ENABLE_DEBUG_INFO = INCLUDE_SOURCE;
				MTL_FAST_MATH = YES;
				ONLY_ACTIVE_ARCH = YES;
				SDKROOT = iphoneos;
				SWIFT_ACTIVE_COMPILATION_CONDITIONS = DEBUG;
				SWIFT_OPTIMIZATION_LEVEL = "-Onone";
			};
			name = Debug;
		};
		CB6D068F2A024B1B00EFDBDB /* Release */ = {
			isa = XCBuildConfiguration;
			buildSettings = {
				ALWAYS_SEARCH_USER_PATHS = NO;
				CLANG_ANALYZER_NONNULL = YES;
				CLANG_ANALYZER_NUMBER_OBJECT_CONVERSION = YES_AGGRESSIVE;
				CLANG_CXX_LANGUAGE_STANDARD = "gnu++20";
				CLANG_ENABLE_MODULES = YES;
				CLANG_ENABLE_OBJC_ARC = YES;
				CLANG_ENABLE_OBJC_WEAK = YES;
				CLANG_WARN_BLOCK_CAPTURE_AUTORELEASING = YES;
				CLANG_WARN_BOOL_CONVERSION = YES;
				CLANG_WARN_COMMA = YES;
				CLANG_WARN_CONSTANT_CONVERSION = YES;
				CLANG_WARN_DEPRECATED_OBJC_IMPLEMENTATIONS = YES;
				CLANG_WARN_DIRECT_OBJC_ISA_USAGE = YES_ERROR;
				CLANG_WARN_DOCUMENTATION_COMMENTS = YES;
				CLANG_WARN_EMPTY_BODY = YES;
				CLANG_WARN_ENUM_CONVERSION = YES;
				CLANG_WARN_INFINITE_RECURSION = YES;
				CLANG_WARN_INT_CONVERSION = YES;
				CLANG_WARN_NON_LITERAL_NULL_CONVERSION = YES;
				CLANG_WARN_OBJC_IMPLICIT_RETAIN_SELF = YES;
				CLANG_WARN_OBJC_LITERAL_CONVERSION = YES;
				CLANG_WARN_OBJC_ROOT_CLASS = YES_ERROR;
				CLANG_WARN_QUOTED_INCLUDE_IN_FRAMEWORK_HEADER = YES;
				CLANG_WARN_RANGE_LOOP_ANALYSIS = YES;
				CLANG_WARN_STRICT_PROTOTYPES = YES;
				CLANG_WARN_SUSPICIOUS_MOVE = YES;
				CLANG_WARN_UNGUARDED_AVAILABILITY = YES_AGGRESSIVE;
				CLANG_WARN_UNREACHABLE_CODE = YES;
				CLANG_WARN__DUPLICATE_METHOD_MATCH = YES;
				COPY_PHASE_STRIP = NO;
				DEBUG_INFORMATION_FORMAT = "dwarf-with-dsym";
				ENABLE_NS_ASSERTIONS = NO;
				ENABLE_STRICT_OBJC_MSGSEND = YES;
				GCC_C_LANGUAGE_STANDARD = gnu11;
				GCC_NO_COMMON_BLOCKS = YES;
				GCC_WARN_64_TO_32_BIT_CONVERSION = YES;
				GCC_WARN_ABOUT_RETURN_TYPE = YES_ERROR;
				GCC_WARN_UNDECLARED_SELECTOR = YES;
				GCC_WARN_UNINITIALIZED_AUTOS = YES_AGGRESSIVE;
				GCC_WARN_UNUSED_FUNCTION = YES;
				GCC_WARN_UNUSED_VARIABLE = YES;
				IPHONEOS_DEPLOYMENT_TARGET = 16.4;
				MTL_ENABLE_DEBUG_INFO = NO;
				MTL_FAST_MATH = YES;
				SDKROOT = iphoneos;
				SWIFT_COMPILATION_MODE = wholemodule;
				SWIFT_OPTIMIZATION_LEVEL = "-O";
				VALIDATE_PRODUCT = YES;
			};
			name = Release;
		};
		CB6D06912A024B1B00EFDBDB /* Debug */ = {
			isa = XCBuildConfiguration;
			buildSettings = {
				ASSETCATALOG_COMPILER_APPICON_NAME = AppIcon;
				ASSETCATALOG_COMPILER_GLOBAL_ACCENT_COLOR_NAME = AccentColor;
				CODE_SIGN_STYLE = Automatic;
				CURRENT_PROJECT_VERSION = 1;
				DEVELOPMENT_TEAM = 6H5U9TVTW3;
				GENERATE_INFOPLIST_FILE = YES;
				INFOPLIST_FILE = FitCalc/Info.plist;
				INFOPLIST_KEY_UIApplicationSupportsIndirectInputEvents = YES;
				INFOPLIST_KEY_UILaunchStoryboardName = LaunchScreen;
				INFOPLIST_KEY_UIMainStoryboardFile = Main;
				INFOPLIST_KEY_UISupportedInterfaceOrientations_iPad = "UIInterfaceOrientationPortrait UIInterfaceOrientationPortraitUpsideDown UIInterfaceOrientationLandscapeLeft UIInterfaceOrientationLandscapeRight";
				INFOPLIST_KEY_UISupportedInterfaceOrientations_iPhone = "UIInterfaceOrientationPortrait UIInterfaceOrientationLandscapeLeft UIInterfaceOrientationLandscapeRight";
				LD_RUNPATH_SEARCH_PATHS = (
					"$(inherited)",
					"@executable_path/Frameworks",
				);
				MARKETING_VERSION = 1.0;
				PRODUCT_BUNDLE_IDENTIFIER = com.gokoglan.FitCalc;
				PRODUCT_NAME = "$(TARGET_NAME)";
				SUPPORTED_PLATFORMS = "iphoneos iphonesimulator";
				SUPPORTS_MACCATALYST = NO;
				SUPPORTS_MAC_DESIGNED_FOR_IPHONE_IPAD = NO;
				SWIFT_EMIT_LOC_STRINGS = YES;
				SWIFT_VERSION = 5.0;
				TARGETED_DEVICE_FAMILY = 1;
			};
			name = Debug;
		};
		CB6D06922A024B1B00EFDBDB /* Release */ = {
			isa = XCBuildConfiguration;
			buildSettings = {
				ASSETCATALOG_COMPILER_APPICON_NAME = AppIcon;
				ASSETCATALOG_COMPILER_GLOBAL_ACCENT_COLOR_NAME = AccentColor;
				CODE_SIGN_STYLE = Automatic;
				CURRENT_PROJECT_VERSION = 1;
				DEVELOPMENT_TEAM = 6H5U9TVTW3;
				GENERATE_INFOPLIST_FILE = YES;
				INFOPLIST_FILE = FitCalc/Info.plist;
				INFOPLIST_KEY_UIApplicationSupportsIndirectInputEvents = YES;
				INFOPLIST_KEY_UILaunchStoryboardName = LaunchScreen;
				INFOPLIST_KEY_UIMainStoryboardFile = Main;
				INFOPLIST_KEY_UISupportedInterfaceOrientations_iPad = "UIInterfaceOrientationPortrait UIInterfaceOrientationPortraitUpsideDown UIInterfaceOrientationLandscapeLeft UIInterfaceOrientationLandscapeRight";
				INFOPLIST_KEY_UISupportedInterfaceOrientations_iPhone = "UIInterfaceOrientationPortrait UIInterfaceOrientationLandscapeLeft UIInterfaceOrientationLandscapeRight";
				LD_RUNPATH_SEARCH_PATHS = (
					"$(inherited)",
					"@executable_path/Frameworks",
				);
				MARKETING_VERSION = 1.0;
				PRODUCT_BUNDLE_IDENTIFIER = com.gokoglan.FitCalc;
				PRODUCT_NAME = "$(TARGET_NAME)";
				SUPPORTED_PLATFORMS = "iphoneos iphonesimulator";
				SUPPORTS_MACCATALYST = NO;
				SUPPORTS_MAC_DESIGNED_FOR_IPHONE_IPAD = NO;
				SWIFT_EMIT_LOC_STRINGS = YES;
				SWIFT_VERSION = 5.0;
				TARGETED_DEVICE_FAMILY = 1;
			};
			name = Release;
		};
/* End XCBuildConfiguration section */

/* Begin XCConfigurationList section */
		CB6D06772A024B1B00EFDBDB /* Build configuration list for PBXProject "FitCalc" */ = {
			isa = XCConfigurationList;
			buildConfigurations = (
				CB6D068E2A024B1B00EFDBDB /* Debug */,
				CB6D068F2A024B1B00EFDBDB /* Release */,
			);
			defaultConfigurationIsVisible = 0;
			defaultConfigurationName = Release;
		};
		CB6D06902A024B1B00EFDBDB /* Build configuration list for PBXNativeTarget "FitCalc" */ = {
			isa = XCConfigurationList;
			buildConfigurations = (
				CB6D06912A024B1B00EFDBDB /* Debug */,
				CB6D06922A024B1B00EFDBDB /* Release */,
			);
			defaultConfigurationIsVisible = 0;
			defaultConfigurationName = Release;
		};
/* End XCConfigurationList section */
	};
	rootObject = CB6D06742A024B1B00EFDBDB /* Project object */;
}
